
Microsoft Visual Studio Solution File, Format Version 12.00
# Visual Studio Version 16
VisualStudioVersion = 16.0.30204.135
MinimumVisualStudioVersion = 10.0.40219.1
Project("{FAE04EC0-301F-11D3-BF4B-00C04F79EFBC}") = "43LimeMobileApp.Models", "43LimeMobileApp.Models\43LimeMobileApp.Models.csproj", "{C8CAAD7C-FDC8-4211-88E1-DAE17BEE0FEA}"
EndProject
Project("{FAE04EC0-301F-11D3-BF4B-00C04F79EFBC}") = "43LimeMobileApp.Data", "43LimeMobileApp.Data\43LimeMobileApp.Data.csproj", "{74CEF29E-5AA9-4E11-A7F0-ACB100F22217}"
EndProject
Project("{FAE04EC0-301F-11D3-BF4B-00C04F79EFBC}") = "43LimeMobileApp.Repository", "43LimeMobileApp.Repository\43LimeMobileApp.Repository.csproj", "{9B801635-C171-4365-BD99-2BDB4B52B6F6}"
EndProject
Project("{FAE04EC0-301F-11D3-BF4B-00C04F79EFBC}") = "43LimeMobileApp.Logging", "43LimeMobileApp.Logging\43LimeMobileApp.Logging.csproj", "{032FCFE5-3802-40AE-B720-56B40B665D01}"
EndProject
Project("{FAE04EC0-301F-11D3-BF4B-00C04F79EFBC}") = "43LimeMobileApp.Admin.API", "43LimeMobileApp.Admin.API\43LimeMobileApp.Admin.API.csproj", "{C4CBA4CB-71D9-4AF8-A44B-18B3A3AB5747}"
EndProject
Project("{FAE04EC0-301F-11D3-BF4B-00C04F79EFBC}") = "43LimeMobileApp.Admin", "43LimeMobileApp.Admin\43LimeMobileApp.Admin.csproj", "{225A7A73-7F88-4F98-BF44-D4AF0DD1484E}"
EndProject
Global
	GlobalSection(SolutionConfigurationPlatforms) = preSolution
		Debug|Any CPU = Debug|Any CPU
		Debug|ARM = Debug|ARM
		Debug|iPhone = Debug|iPhone
		Debug|iPhoneSimulator = Debug|iPhoneSimulator
		Debug|x64 = Debug|x64
		Debug|x86 = Debug|x86
		Release|Any CPU = Release|Any CPU
		Release|ARM = Release|ARM
		Release|iPhone = Release|iPhone
		Release|iPhoneSimulator = Release|iPhoneSimulator
		Release|x64 = Release|x64
		Release|x86 = Release|x86
	EndGlobalSection
	GlobalSection(ProjectConfigurationPlatforms) = postSolution
		{C8CAAD7C-FDC8-4211-88E1-DAE17BEE0FEA}.Debug|Any CPU.ActiveCfg = Debug|Any CPU
		{C8CAAD7C-FDC8-4211-88E1-DAE17BEE0FEA}.Debug|Any CPU.Build.0 = Debug|Any CPU
		{C8CAAD7C-FDC8-4211-88E1-DAE17BEE0FEA}.Debug|ARM.ActiveCfg = Debug|Any CPU
		{C8CAAD7C-FDC8-4211-88E1-DAE17BEE0FEA}.Debug|ARM.Build.0 = Debug|Any CPU
		{C8CAAD7C-FDC8-4211-88E1-DAE17BEE0FEA}.Debug|iPhone.ActiveCfg = Debug|Any CPU
		{C8CAAD7C-FDC8-4211-88E1-DAE17BEE0FEA}.Debug|iPhone.Build.0 = Debug|Any CPU
		{C8CAAD7C-FDC8-4211-88E1-DAE17BEE0FEA}.Debug|iPhoneSimulator.ActiveCfg = Debug|Any CPU
		{C8CAAD7C-FDC8-4211-88E1-DAE17BEE0FEA}.Debug|iPhoneSimulator.Build.0 = Debug|Any CPU
		{C8CAAD7C-FDC8-4211-88E1-DAE17BEE0FEA}.Debug|x64.ActiveCfg = Debug|Any CPU
		{C8CAAD7C-FDC8-4211-88E1-DAE17BEE0FEA}.Debug|x64.Build.0 = Debug|Any CPU
		{C8CAAD7C-FDC8-4211-88E1-DAE17BEE0FEA}.Debug|x86.ActiveCfg = Debug|Any CPU
		{C8CAAD7C-FDC8-4211-88E1-DAE17BEE0FEA}.Debug|x86.Build.0 = Debug|Any CPU
		{C8CAAD7C-FDC8-4211-88E1-DAE17BEE0FEA}.Release|Any CPU.ActiveCfg = Release|Any CPU
		{C8CAAD7C-FDC8-4211-88E1-DAE17BEE0FEA}.Release|Any CPU.Build.0 = Release|Any CPU
		{C8CAAD7C-FDC8-4211-88E1-DAE17BEE0FEA}.Release|ARM.ActiveCfg = Release|Any CPU
		{C8CAAD7C-FDC8-4211-88E1-DAE17BEE0FEA}.Release|ARM.Build.0 = Release|Any CPU
		{C8CAAD7C-FDC8-4211-88E1-DAE17BEE0FEA}.Release|iPhone.ActiveCfg = Release|Any CPU
		{C8CAAD7C-FDC8-4211-88E1-DAE17BEE0FEA}.Release|iPhone.Build.0 = Release|Any CPU
		{C8CAAD7C-FDC8-4211-88E1-DAE17BEE0FEA}.Release|iPhoneSimulator.ActiveCfg = Release|Any CPU
		{C8CAAD7C-FDC8-4211-88E1-DAE17BEE0FEA}.Release|iPhoneSimulator.Build.0 = Release|Any CPU
		{C8CAAD7C-FDC8-4211-88E1-DAE17BEE0FEA}.Release|x64.ActiveCfg = Release|Any CPU
		{C8CAAD7C-FDC8-4211-88E1-DAE17BEE0FEA}.Release|x64.Build.0 = Release|Any CPU
		{C8CAAD7C-FDC8-4211-88E1-DAE17BEE0FEA}.Release|x86.ActiveCfg = Release|Any CPU
		{C8CAAD7C-FDC8-4211-88E1-DAE17BEE0FEA}.Release|x86.Build.0 = Release|Any CPU
		{74CEF29E-5AA9-4E11-A7F0-ACB100F22217}.Debug|Any CPU.ActiveCfg = Debug|Any CPU
		{74CEF29E-5AA9-4E11-A7F0-ACB100F22217}.Debug|Any CPU.Build.0 = Debug|Any CPU
		{74CEF29E-5AA9-4E11-A7F0-ACB100F22217}.Debug|ARM.ActiveCfg = Debug|Any CPU
		{74CEF29E-5AA9-4E11-A7F0-ACB100F22217}.Debug|ARM.Build.0 = Debug|Any CPU
		{74CEF29E-5AA9-4E11-A7F0-ACB100F22217}.Debug|iPhone.ActiveCfg = Debug|Any CPU
		{74CEF29E-5AA9-4E11-A7F0-ACB100F22217}.Debug|iPhone.Build.0 = Debug|Any CPU
		{74CEF29E-5AA9-4E11-A7F0-ACB100F22217}.Debug|iPhoneSimulator.ActiveCfg = Debug|Any CPU
		{74CEF29E-5AA9-4E11-A7F0-ACB100F22217}.Debug|iPhoneSimulator.Build.0 = Debug|Any CPU
		{74CEF29E-5AA9-4E11-A7F0-ACB100F22217}.Debug|x64.ActiveCfg = Debug|Any CPU
		{74CEF29E-5AA9-4E11-A7F0-ACB100F22217}.Debug|x64.Build.0 = Debug|Any CPU
		{74CEF29E-5AA9-4E11-A7F0-ACB100F22217}.Debug|x86.ActiveCfg = Debug|Any CPU
		{74CEF29E-5AA9-4E11-A7F0-ACB100F22217}.Debug|x86.Build.0 = Debug|Any CPU
		{74CEF29E-5AA9-4E11-A7F0-ACB100F22217}.Release|Any CPU.ActiveCfg = Release|Any CPU
		{74CEF29E-5AA9-4E11-A7F0-ACB100F22217}.Release|Any CPU.Build.0 = Release|Any CPU
		{74CEF29E-5AA9-4E11-A7F0-ACB100F22217}.Release|ARM.ActiveCfg = Release|Any CPU
		{74CEF29E-5AA9-4E11-A7F0-ACB100F22217}.Release|ARM.Build.0 = Release|Any CPU
		{74CEF29E-5AA9-4E11-A7F0-ACB100F22217}.Release|iPhone.ActiveCfg = Release|Any CPU
		{74CEF29E-5AA9-4E11-A7F0-ACB100F22217}.Release|iPhone.Build.0 = Release|Any CPU
		{74CEF29E-5AA9-4E11-A7F0-ACB100F22217}.Release|iPhoneSimulator.ActiveCfg = Release|Any CPU
		{74CEF29E-5AA9-4E11-A7F0-ACB100F22217}.Release|iPhoneSimulator.Build.0 = Release|Any CPU
		{74CEF29E-5AA9-4E11-A7F0-ACB100F22217}.Release|x64.ActiveCfg = Release|Any CPU
		{74CEF29E-5AA9-4E11-A7F0-ACB100F22217}.Release|x64.Build.0 = Release|Any CPU
		{74CEF29E-5AA9-4E11-A7F0-ACB100F22217}.Release|x86.ActiveCfg = Release|Any CPU
		{74CEF29E-5AA9-4E11-A7F0-ACB100F22217}.Release|x86.Build.0 = Release|Any CPU
		{9B801635-C171-4365-BD99-2BDB4B52B6F6}.Debug|Any CPU.ActiveCfg = Debug|Any CPU
		{9B801635-C171-4365-BD99-2BDB4B52B6F6}.Debug|Any CPU.Build.0 = Debug|Any CPU
		{9B801635-C171-4365-BD99-2BDB4B52B6F6}.Debug|ARM.ActiveCfg = Debug|Any CPU
		{9B801635-C171-4365-BD99-2BDB4B52B6F6}.Debug|ARM.Build.0 = Debug|Any CPU
		{9B801635-C171-4365-BD99-2BDB4B52B6F6}.Debug|iPhone.ActiveCfg = Debug|Any CPU
		{9B801635-C171-4365-BD99-2BDB4B52B6F6}.Debug|iPhone.Build.0 = Debug|Any CPU
		{9B801635-C171-4365-BD99-2BDB4B52B6F6}.Debug|iPhoneSimulator.ActiveCfg = Debug|Any CPU
		{9B801635-C171-4365-BD99-2BDB4B52B6F6}.Debug|iPhoneSimulator.Build.0 = Debug|Any CPU
		{9B801635-C171-4365-BD99-2BDB4B52B6F6}.Debug|x64.ActiveCfg = Debug|Any CPU
		{9B801635-C171-4365-BD99-2BDB4B52B6F6}.Debug|x64.Build.0 = Debug|Any CPU
		{9B801635-C171-4365-BD99-2BDB4B52B6F6}.Debug|x86.ActiveCfg = Debug|Any CPU
		{9B801635-C171-4365-BD99-2BDB4B52B6F6}.Debug|x86.Build.0 = Debug|Any CPU
		{9B801635-C171-4365-BD99-2BDB4B52B6F6}.Release|Any CPU.ActiveCfg = Release|Any CPU
		{9B801635-C171-4365-BD99-2BDB4B52B6F6}.Release|Any CPU.Build.0 = Release|Any CPU
		{9B801635-C171-4365-BD99-2BDB4B52B6F6}.Release|ARM.ActiveCfg = Release|Any CPU
		{9B801635-C171-4365-BD99-2BDB4B52B6F6}.Release|ARM.Build.0 = Release|Any CPU
		{9B801635-C171-4365-BD99-2BDB4B52B6F6}.Release|iPhone.ActiveCfg = Release|Any CPU
		{9B801635-C171-4365-BD99-2BDB4B52B6F6}.Release|iPhone.Build.0 = Release|Any CPU
		{9B801635-C171-4365-BD99-2BDB4B52B6F6}.Release|iPhoneSimulator.ActiveCfg = Release|Any CPU
		{9B801635-C171-4365-BD99-2BDB4B52B6F6}.Release|iPhoneSimulator.Build.0 = Release|Any CPU
		{9B801635-C171-4365-BD99-2BDB4B52B6F6}.Release|x64.ActiveCfg = Release|Any CPU
		{9B801635-C171-4365-BD99-2BDB4B52B6F6}.Release|x64.Build.0 = Release|Any CPU
		{9B801635-C171-4365-BD99-2BDB4B52B6F6}.Release|x86.ActiveCfg = Release|Any CPU
		{9B801635-C171-4365-BD99-2BDB4B52B6F6}.Release|x86.Build.0 = Release|Any CPU
		{032FCFE5-3802-40AE-B720-56B40B665D01}.Debug|Any CPU.ActiveCfg = Debug|Any CPU
		{032FCFE5-3802-40AE-B720-56B40B665D01}.Debug|Any CPU.Build.0 = Debug|Any CPU
		{032FCFE5-3802-40AE-B720-56B40B665D01}.Debug|ARM.ActiveCfg = Debug|Any CPU
		{032FCFE5-3802-40AE-B720-56B40B665D01}.Debug|ARM.Build.0 = Debug|Any CPU
		{032FCFE5-3802-40AE-B720-56B40B665D01}.Debug|iPhone.ActiveCfg = Debug|Any CPU
		{032FCFE5-3802-40AE-B720-56B40B665D01}.Debug|iPhone.Build.0 = Debug|Any CPU
		{032FCFE5-3802-40AE-B720-56B40B665D01}.Debug|iPhoneSimulator.ActiveCfg = Debug|Any CPU
		{032FCFE5-3802-40AE-B720-56B40B665D01}.Debug|iPhoneSimulator.Build.0 = Debug|Any CPU
		{032FCFE5-3802-40AE-B720-56B40B665D01}.Debug|x64.ActiveCfg = Debug|Any CPU
		{032FCFE5-3802-40AE-B720-56B40B665D01}.Debug|x64.Build.0 = Debug|Any CPU
		{032FCFE5-3802-40AE-B720-56B40B665D01}.Debug|x86.ActiveCfg = Debug|Any CPU
		{032FCFE5-3802-40AE-B720-56B40B665D01}.Debug|x86.Build.0 = Debug|Any CPU
		{032FCFE5-3802-40AE-B720-56B40B665D01}.Release|Any CPU.ActiveCfg = Release|Any CPU
		{032FCFE5-3802-40AE-B720-56B40B665D01}.Release|Any CPU.Build.0 = Release|Any CPU
		{032FCFE5-3802-40AE-B720-56B40B665D01}.Release|ARM.ActiveCfg = Release|Any CPU
		{032FCFE5-3802-40AE-B720-56B40B665D01}.Release|ARM.Build.0 = Release|Any CPU
		{032FCFE5-3802-40AE-B720-56B40B665D01}.Release|iPhone.ActiveCfg = Release|Any CPU
		{032FCFE5-3802-40AE-B720-56B40B665D01}.Release|iPhone.Build.0 = Release|Any CPU
		{032FCFE5-3802-40AE-B720-56B40B665D01}.Release|iPhoneSimulator.ActiveCfg = Release|Any CPU
		{032FCFE5-3802-40AE-B720-56B40B665D01}.Release|iPhoneSimulator.Build.0 = Release|Any CPU
		{032FCFE5-3802-40AE-B720-56B40B665D01}.Release|x64.ActiveCfg = Release|Any CPU
		{032FCFE5-3802-40AE-B720-56B40B665D01}.Release|x64.Build.0 = Release|Any CPU
		{032FCFE5-3802-40AE-B720-56B40B665D01}.Release|x86.ActiveCfg = Release|Any CPU
		{032FCFE5-3802-40AE-B720-56B40B665D01}.Release|x86.Build.0 = Release|Any CPU
		{C4CBA4CB-71D9-4AF8-A44B-18B3A3AB5747}.Debug|Any CPU.ActiveCfg = Debug|Any CPU
		{C4CBA4CB-71D9-4AF8-A44B-18B3A3AB5747}.Debug|Any CPU.Build.0 = Debug|Any CPU
		{C4CBA4CB-71D9-4AF8-A44B-18B3A3AB5747}.Debug|ARM.ActiveCfg = Debug|Any CPU
		{C4CBA4CB-71D9-4AF8-A44B-18B3A3AB5747}.Debug|ARM.Build.0 = Debug|Any CPU
		{C4CBA4CB-71D9-4AF8-A44B-18B3A3AB5747}.Debug|iPhone.ActiveCfg = Debug|Any CPU
		{C4CBA4CB-71D9-4AF8-A44B-18B3A3AB5747}.Debug|iPhone.Build.0 = Debug|Any CPU
		{C4CBA4CB-71D9-4AF8-A44B-18B3A3AB5747}.Debug|iPhoneSimulator.ActiveCfg = Debug|Any CPU
		{C4CBA4CB-71D9-4AF8-A44B-18B3A3AB5747}.Debug|iPhoneSimulator.Build.0 = Debug|Any CPU
		{C4CBA4CB-71D9-4AF8-A44B-18B3A3AB5747}.Debug|x64.ActiveCfg = Debug|Any CPU
		{C4CBA4CB-71D9-4AF8-A44B-18B3A3AB5747}.Debug|x64.Build.0 = Debug|Any CPU
		{C4CBA4CB-71D9-4AF8-A44B-18B3A3AB5747}.Debug|x86.ActiveCfg = Debug|Any CPU
		{C4CBA4CB-71D9-4AF8-A44B-18B3A3AB5747}.Debug|x86.Build.0 = Debug|Any CPU
		{C4CBA4CB-71D9-4AF8-A44B-18B3A3AB5747}.Release|Any CPU.ActiveCfg = Release|Any CPU
		{C4CBA4CB-71D9-4AF8-A44B-18B3A3AB5747}.Release|Any CPU.Build.0 = Release|Any CPU
		{C4CBA4CB-71D9-4AF8-A44B-18B3A3AB5747}.Release|ARM.ActiveCfg = Release|Any CPU
		{C4CBA4CB-71D9-4AF8-A44B-18B3A3AB5747}.Release|ARM.Build.0 = Release|Any CPU
		{C4CBA4CB-71D9-4AF8-A44B-18B3A3AB5747}.Release|iPhone.ActiveCfg = Release|Any CPU
		{C4CBA4CB-71D9-4AF8-A44B-18B3A3AB5747}.Release|iPhone.Build.0 = Release|Any CPU
		{C4CBA4CB-71D9-4AF8-A44B-18B3A3AB5747}.Release|iPhoneSimulator.ActiveCfg = Release|Any CPU
		{C4CBA4CB-71D9-4AF8-A44B-18B3A3AB5747}.Release|iPhoneSimulator.Build.0 = Release|Any CPU
		{C4CBA4CB-71D9-4AF8-A44B-18B3A3AB5747}.Release|x64.ActiveCfg = Release|Any CPU
		{C4CBA4CB-71D9-4AF8-A44B-18B3A3AB5747}.Release|x64.Build.0 = Release|Any CPU
		{C4CBA4CB-71D9-4AF8-A44B-18B3A3AB5747}.Release|x86.ActiveCfg = Release|Any CPU
		{C4CBA4CB-71D9-4AF8-A44B-18B3A3AB5747}.Release|x86.Build.0 = Release|Any CPU
		{225A7A73-7F88-4F98-BF44-D4AF0DD1484E}.Debug|Any CPU.ActiveCfg = Debug|Any CPU
		{225A7A73-7F88-4F98-BF44-D4AF0DD1484E}.Debug|Any CPU.Build.0 = Debug|Any CPU
		{225A7A73-7F88-4F98-BF44-D4AF0DD1484E}.Debug|ARM.ActiveCfg = Debug|Any CPU
		{225A7A73-7F88-4F98-BF44-D4AF0DD1484E}.Debug|ARM.Build.0 = Debug|Any CPU
		{225A7A73-7F88-4F98-BF44-D4AF0DD1484E}.Debug|iPhone.ActiveCfg = Debug|Any CPU
		{225A7A73-7F88-4F98-BF44-D4AF0DD1484E}.Debug|iPhone.Build.0 = Debug|Any CPU
		{225A7A73-7F88-4F98-BF44-D4AF0DD1484E}.Debug|iPhoneSimulator.ActiveCfg = Debug|Any CPU
		{225A7A73-7F88-4F98-BF44-D4AF0DD1484E}.Debug|iPhoneSimulator.Build.0 = Debug|Any CPU
		{225A7A73-7F88-4F98-BF44-D4AF0DD1484E}.Debug|x64.ActiveCfg = Debug|Any CPU
		{225A7A73-7F88-4F98-BF44-D4AF0DD1484E}.Debug|x64.Build.0 = Debug|Any CPU
		{225A7A73-7F88-4F98-BF44-D4AF0DD1484E}.Debug|x86.ActiveCfg = Debug|Any CPU
		{225A7A73-7F88-4F98-BF44-D4AF0DD1484E}.Debug|x86.Build.0 = Debug|Any CPU
		{225A7A73-7F88-4F98-BF44-D4AF0DD1484E}.Release|Any CPU.ActiveCfg = Release|Any CPU
		{225A7A73-7F88-4F98-BF44-D4AF0DD1484E}.Release|Any CPU.Build.0 = Release|Any CPU
		{225A7A73-7F88-4F98-BF44-D4AF0DD1484E}.Release|ARM.ActiveCfg = Release|Any CPU
		{225A7A73-7F88-4F98-BF44-D4AF0DD1484E}.Release|ARM.Build.0 = Release|Any CPU
		{225A7A73-7F88-4F98-BF44-D4AF0DD1484E}.Release|iPhone.ActiveCfg = Release|Any CPU
		{225A7A73-7F88-4F98-BF44-D4AF0DD1484E}.Release|iPhone.Build.0 = Release|Any CPU
		{225A7A73-7F88-4F98-BF44-D4AF0DD1484E}.Release|iPhoneSimulator.ActiveCfg = Release|Any CPU
		{225A7A73-7F88-4F98-BF44-D4AF0DD1484E}.Release|iPhoneSimulator.Build.0 = Release|Any CPU
		{225A7A73-7F88-4F98-BF44-D4AF0DD1484E}.Release|x64.ActiveCfg = Release|Any CPU
		{225A7A73-7F88-4F98-BF44-D4AF0DD1484E}.Release|x64.Build.0 = Release|Any CPU
		{225A7A73-7F88-4F98-BF44-D4AF0DD1484E}.Release|x86.ActiveCfg = Release|Any CPU
		{225A7A73-7F88-4F98-BF44-D4AF0DD1484E}.Release|x86.Build.0 = Release|Any CPU
	EndGlobalSection
	GlobalSection(SolutionProperties) = preSolution
		HideSolutionNode = FALSE
	EndGlobalSection
	GlobalSection(ExtensibilityGlobals) = postSolution
		SolutionGuid = {47C94022-82C8-48FC-9F80-5673C2BA68C5}
	EndGlobalSection
EndGlobal
