
Microsoft Visual Studio Solution File, Format Version 12.00
# Visual Studio Version 16
VisualStudioVersion = 16.0.30225.117
MinimumVisualStudioVersion = 10.0.40219.1
Project("{FAE04EC0-301F-11D3-BF4B-00C04F79EFBC}") = "43LimeMobileApp.API", "43LimeMobileApp.API.csproj", "{444BC190-8A14-4EFF-AD2E-E7BE884019FB}"
EndProject
Global
	GlobalSection(SolutionConfigurationPlatforms) = preSolution
		Debug|Any CPU = Debug|Any CPU
		Release|Any CPU = Release|Any CPU
	EndGlobalSection
	GlobalSection(ProjectConfigurationPlatforms) = postSolution
		{444BC190-8A14-4EFF-AD2E-E7BE884019FB}.Debug|Any CPU.ActiveCfg = Debug|Any CPU
		{444BC190-8A14-4EFF-AD2E-E7BE884019FB}.Debug|Any CPU.Build.0 = Debug|Any CPU
		{444BC190-8A14-4EFF-AD2E-E7BE884019FB}.Release|Any CPU.ActiveCfg = Release|Any CPU
		{444BC190-8A14-4EFF-AD2E-E7BE884019FB}.Release|Any CPU.Build.0 = Release|Any CPU
	EndGlobalSection
	GlobalSection(SolutionProperties) = preSolution
		HideSolutionNode = FALSE
	EndGlobalSection
	GlobalSection(ExtensibilityGlobals) = postSolution
		SolutionGuid = {44454C03-D0AA-4AA3-B42C-3060A7E44852}
	EndGlobalSection
EndGlobal
